
Microsoft Visual Studio Solution File, Format Version 12.00
# Visual Studio 15
Project("{FAE04EC0-301F-11D3-BF4B-00C04F79EFBC}") = "UnityEngine.UI", "UnityEngine.UI.csproj", "{C715A580-2E7D-AB11-D601-45DFCDF0ADB4}"
EndProject
Project("{FAE04EC0-301F-11D3-BF4B-00C04F79EFBC}") = "UnityEngine.TestRunner", "UnityEngine.TestRunner.csproj", "{D3649A30-3B48-9BA2-A51E-7DBCD2711179}"
EndProject
Project("{FAE04EC0-301F-11D3-BF4B-00C04F79EFBC}") = "Unity.TextMeshPro", "Unity.TextMeshPro.csproj", "{216A8D18-8576-E385-C920-47B31272C692}"
EndProject
Project("{FAE04EC0-301F-11D3-BF4B-00C04F79EFBC}") = "Unity.Timeline", "Unity.Timeline.csproj", "{42A96048-1E4A-AF01-4075-C513DD08A318}"
EndProject
Project("{FAE04EC0-301F-11D3-BF4B-00C04F79EFBC}") = "Assembly-CSharp-firstpass", "Assembly-CSharp-firstpass.csproj", "{4F676ED8-6190-D0B0-7152-241D8414DDB5}"
EndProject
Project("{FAE04EC0-301F-11D3-BF4B-00C04F79EFBC}") = "Assembly-CSharp", "Assembly-CSharp.csproj", "{99F6268E-900E-AB3D-B2A4-E9DAF63382E6}"
EndProject
Project("{FAE04EC0-301F-11D3-BF4B-00C04F79EFBC}") = "UnityEditor.TestRunner", "UnityEditor.TestRunner.csproj", "{3F597B9E-F656-F619-89C4-99E4C09728D3}"
EndProject
Project("{FAE04EC0-301F-11D3-BF4B-00C04F79EFBC}") = "Unity.TextMeshPro.Editor", "Unity.TextMeshPro.Editor.csproj", "{F4F168D8-6063-6FBD-884C-A4774FBC3C4B}"
EndProject
Project("{FAE04EC0-301F-11D3-BF4B-00C04F79EFBC}") = "Unity.Timeline.Editor", "Unity.Timeline.Editor.csproj", "{9E634E0B-F918-D6EC-F4FA-8A51DC5CA123}"
EndProject
Project("{FAE04EC0-301F-11D3-BF4B-00C04F79EFBC}") = "Assembly-CSharp-Editor", "Assembly-CSharp-Editor.csproj", "{968D975B-CDF0-ED56-4197-DE17660BD34E}"
EndProject
Project("{FAE04EC0-301F-11D3-BF4B-00C04F79EFBC}") = "UnityEditor.UI", "UnityEditor.UI.csproj", "{27FB5CC1-A9AA-BC5F-A17B-C5EE35E150EC}"
EndProject
Project("{FAE04EC0-301F-11D3-BF4B-00C04F79EFBC}") = "Unity.Rider.Editor", "Unity.Rider.Editor.csproj", "{8C11B8CE-7BC2-D28A-FA98-97F86AD82B85}"
EndProject
Project("{FAE04EC0-301F-11D3-BF4B-00C04F79EFBC}") = "Unity.CollabProxy.Editor", "Unity.CollabProxy.Editor.csproj", "{32E61FC8-90C4-5433-7EBF-DFFBC1AD79A9}"
EndProject
Project("{FAE04EC0-301F-11D3-BF4B-00C04F79EFBC}") = "Unity.VSCode.Editor", "Unity.VSCode.Editor.csproj", "{863536F5-711D-C661-2FE8-E330B0952C60}"
EndProject
Project("{FAE04EC0-301F-11D3-BF4B-00C04F79EFBC}") = "Assembly-CSharp-firstpass.Player", "Assembly-CSharp-firstpass.Player.csproj", "{364C0DD2-A082-40DD-CC05-0AB4FD19B1DE}"
EndProject
Project("{FAE04EC0-301F-11D3-BF4B-00C04F79EFBC}") = "Assembly-CSharp.Player", "Assembly-CSharp.Player.csproj", "{6066E543-6188-A440-E372-875A7F02E00F}"
EndProject
Global
	GlobalSection(SolutionConfigurationPlatforms) = preSolution
		Debug|Any CPU = Debug|Any CPU
		Release|Any CPU = Release|Any CPU
	EndGlobalSection
	GlobalSection(ProjectConfigurationPlatforms) = postSolution
		{C715A580-2E7D-AB11-D601-45DFCDF0ADB4}.Debug|Any CPU.ActiveCfg = Debug|Any CPU
		{C715A580-2E7D-AB11-D601-45DFCDF0ADB4}.Debug|Any CPU.Build.0 = Debug|Any CPU
		{C715A580-2E7D-AB11-D601-45DFCDF0ADB4}.Release|Any CPU.ActiveCfg = Release|Any CPU
		{C715A580-2E7D-AB11-D601-45DFCDF0ADB4}.Release|Any CPU.Build.0 = Release|Any CPU
		{D3649A30-3B48-9BA2-A51E-7DBCD2711179}.Debug|Any CPU.ActiveCfg = Debug|Any CPU
		{D3649A30-3B48-9BA2-A51E-7DBCD2711179}.Debug|Any CPU.Build.0 = Debug|Any CPU
		{D3649A30-3B48-9BA2-A51E-7DBCD2711179}.Release|Any CPU.ActiveCfg = Release|Any CPU
		{D3649A30-3B48-9BA2-A51E-7DBCD2711179}.Release|Any CPU.Build.0 = Release|Any CPU
		{216A8D18-8576-E385-C920-47B31272C692}.Debug|Any CPU.ActiveCfg = Debug|Any CPU
		{216A8D18-8576-E385-C920-47B31272C692}.Debug|Any CPU.Build.0 = Debug|Any CPU
		{216A8D18-8576-E385-C920-47B31272C692}.Release|Any CPU.ActiveCfg = Release|Any CPU
		{216A8D18-8576-E385-C920-47B31272C692}.Release|Any CPU.Build.0 = Release|Any CPU
		{42A96048-1E4A-AF01-4075-C513DD08A318}.Debug|Any CPU.ActiveCfg = Debug|Any CPU
		{42A96048-1E4A-AF01-4075-C513DD08A318}.Debug|Any CPU.Build.0 = Debug|Any CPU
		{42A96048-1E4A-AF01-4075-C513DD08A318}.Release|Any CPU.ActiveCfg = Release|Any CPU
		{42A96048-1E4A-AF01-4075-C513DD08A318}.Release|Any CPU.Build.0 = Release|Any CPU
		{4F676ED8-6190-D0B0-7152-241D8414DDB5}.Debug|Any CPU.ActiveCfg = Debug|Any CPU
		{4F676ED8-6190-D0B0-7152-241D8414DDB5}.Debug|Any CPU.Build.0 = Debug|Any CPU
		{4F676ED8-6190-D0B0-7152-241D8414DDB5}.Release|Any CPU.ActiveCfg = Release|Any CPU
		{4F676ED8-6190-D0B0-7152-241D8414DDB5}.Release|Any CPU.Build.0 = Release|Any CPU
		{99F6268E-900E-AB3D-B2A4-E9DAF63382E6}.Debug|Any CPU.ActiveCfg = Debug|Any CPU
		{99F6268E-900E-AB3D-B2A4-E9DAF63382E6}.Debug|Any CPU.Build.0 = Debug|Any CPU
		{99F6268E-900E-AB3D-B2A4-E9DAF63382E6}.Release|Any CPU.ActiveCfg = Release|Any CPU
		{99F6268E-900E-AB3D-B2A4-E9DAF63382E6}.Release|Any CPU.Build.0 = Release|Any CPU
		{3F597B9E-F656-F619-89C4-99E4C09728D3}.Debug|Any CPU.ActiveCfg = Debug|Any CPU
		{3F597B9E-F656-F619-89C4-99E4C09728D3}.Debug|Any CPU.Build.0 = Debug|Any CPU
		{3F597B9E-F656-F619-89C4-99E4C09728D3}.Release|Any CPU.ActiveCfg = Release|Any CPU
		{3F597B9E-F656-F619-89C4-99E4C09728D3}.Release|Any CPU.Build.0 = Release|Any CPU
		{F4F168D8-6063-6FBD-884C-A4774FBC3C4B}.Debug|Any CPU.ActiveCfg = Debug|Any CPU
		{F4F168D8-6063-6FBD-884C-A4774FBC3C4B}.Debug|Any CPU.Build.0 = Debug|Any CPU
		{F4F168D8-6063-6FBD-884C-A4774FBC3C4B}.Release|Any CPU.ActiveCfg = Release|Any CPU
		{F4F168D8-6063-6FBD-884C-A4774FBC3C4B}.Release|Any CPU.Build.0 = Release|Any CPU
		{9E634E0B-F918-D6EC-F4FA-8A51DC5CA123}.Debug|Any CPU.ActiveCfg = Debug|Any CPU
		{9E634E0B-F918-D6EC-F4FA-8A51DC5CA123}.Debug|Any CPU.Build.0 = Debug|Any CPU
		{9E634E0B-F918-D6EC-F4FA-8A51DC5CA123}.Release|Any CPU.ActiveCfg = Release|Any CPU
		{9E634E0B-F918-D6EC-F4FA-8A51DC5CA123}.Release|Any CPU.Build.0 = Release|Any CPU
		{968D975B-CDF0-ED56-4197-DE17660BD34E}.Debug|Any CPU.ActiveCfg = Debug|Any CPU
		{968D975B-CDF0-ED56-4197-DE17660BD34E}.Debug|Any CPU.Build.0 = Debug|Any CPU
		{968D975B-CDF0-ED56-4197-DE17660BD34E}.Release|Any CPU.ActiveCfg = Release|Any CPU
		{968D975B-CDF0-ED56-4197-DE17660BD34E}.Release|Any CPU.Build.0 = Release|Any CPU
		{27FB5CC1-A9AA-BC5F-A17B-C5EE35E150EC}.Debug|Any CPU.ActiveCfg = Debug|Any CPU
		{27FB5CC1-A9AA-BC5F-A17B-C5EE35E150EC}.Debug|Any CPU.Build.0 = Debug|Any CPU
		{27FB5CC1-A9AA-BC5F-A17B-C5EE35E150EC}.Release|Any CPU.ActiveCfg = Release|Any CPU
		{27FB5CC1-A9AA-BC5F-A17B-C5EE35E150EC}.Release|Any CPU.Build.0 = Release|Any CPU
		{8C11B8CE-7BC2-D28A-FA98-97F86AD82B85}.Debug|Any CPU.ActiveCfg = Debug|Any CPU
		{8C11B8CE-7BC2-D28A-FA98-97F86AD82B85}.Debug|Any CPU.Build.0 = Debug|Any CPU
		{8C11B8CE-7BC2-D28A-FA98-97F86AD82B85}.Release|Any CPU.ActiveCfg = Release|Any CPU
		{8C11B8CE-7BC2-D28A-FA98-97F86AD82B85}.Release|Any CPU.Build.0 = Release|Any CPU
		{32E61FC8-90C4-5433-7EBF-DFFBC1AD79A9}.Debug|Any CPU.ActiveCfg = Debug|Any CPU
		{32E61FC8-90C4-5433-7EBF-DFFBC1AD79A9}.Debug|Any CPU.Build.0 = Debug|Any CPU
		{32E61FC8-90C4-5433-7EBF-DFFBC1AD79A9}.Release|Any CPU.ActiveCfg = Release|Any CPU
		{32E61FC8-90C4-5433-7EBF-DFFBC1AD79A9}.Release|Any CPU.Build.0 = Release|Any CPU
		{863536F5-711D-C661-2FE8-E330B0952C60}.Debug|Any CPU.ActiveCfg = Debug|Any CPU
		{863536F5-711D-C661-2FE8-E330B0952C60}.Debug|Any CPU.Build.0 = Debug|Any CPU
		{863536F5-711D-C661-2FE8-E330B0952C60}.Release|Any CPU.ActiveCfg = Release|Any CPU
		{863536F5-711D-C661-2FE8-E330B0952C60}.Release|Any CPU.Build.0 = Release|Any CPU
		{364C0DD2-A082-40DD-CC05-0AB4FD19B1DE}.Debug|Any CPU.ActiveCfg = Debug|Any CPU
		{364C0DD2-A082-40DD-CC05-0AB4FD19B1DE}.Debug|Any CPU.Build.0 = Debug|Any CPU
		{364C0DD2-A082-40DD-CC05-0AB4FD19B1DE}.Release|Any CPU.ActiveCfg = Release|Any CPU
		{364C0DD2-A082-40DD-CC05-0AB4FD19B1DE}.Release|Any CPU.Build.0 = Release|Any CPU
		{6066E543-6188-A440-E372-875A7F02E00F}.Debug|Any CPU.ActiveCfg = Debug|Any CPU
		{6066E543-6188-A440-E372-875A7F02E00F}.Debug|Any CPU.Build.0 = Debug|Any CPU
		{6066E543-6188-A440-E372-875A7F02E00F}.Release|Any CPU.ActiveCfg = Release|Any CPU
		{6066E543-6188-A440-E372-875A7F02E00F}.Release|Any CPU.Build.0 = Release|Any CPU
	EndGlobalSection
	GlobalSection(SolutionProperties) = preSolution
		HideSolutionNode = FALSE
	EndGlobalSection
EndGlobal
